
Microsoft Visual Studio Solution File, Format Version 12.00
# Visual Studio 15
Project("{FAE04EC0-301F-11D3-BF4B-00C04F79EFBC}") = "Assembly-CSharp", "Assembly-CSharp.csproj", "{658A5697-54BA-8139-3769-B057543A3B9D}"
EndProject
Project("{FAE04EC0-301F-11D3-BF4B-00C04F79EFBC}") = "Danmaku.OdinSerializer", "Danmaku.OdinSerializer.csproj", "{F39D0A34-7746-0EAD-2801-D1E6DD752789}"
EndProject
Project("{FAE04EC0-301F-11D3-BF4B-00C04F79EFBC}") = "Assembly-CSharp-Editor", "Assembly-CSharp-Editor.csproj", "{102AE3F7-7AE3-ADA7-1228-DE656B7175E4}"
EndProject
Global
	GlobalSection(SolutionConfigurationPlatforms) = preSolution
		Debug|Any CPU = Debug|Any CPU
		Release|Any CPU = Release|Any CPU
	EndGlobalSection
	GlobalSection(ProjectConfigurationPlatforms) = postSolution
		{658A5697-54BA-8139-3769-B057543A3B9D}.Debug|Any CPU.ActiveCfg = Debug|Any CPU
		{658A5697-54BA-8139-3769-B057543A3B9D}.Debug|Any CPU.Build.0 = Debug|Any CPU
		{658A5697-54BA-8139-3769-B057543A3B9D}.Release|Any CPU.ActiveCfg = Release|Any CPU
		{658A5697-54BA-8139-3769-B057543A3B9D}.Release|Any CPU.Build.0 = Release|Any CPU
		{F39D0A34-7746-0EAD-2801-D1E6DD752789}.Debug|Any CPU.ActiveCfg = Debug|Any CPU
		{F39D0A34-7746-0EAD-2801-D1E6DD752789}.Debug|Any CPU.Build.0 = Debug|Any CPU
		{F39D0A34-7746-0EAD-2801-D1E6DD752789}.Release|Any CPU.ActiveCfg = Release|Any CPU
		{F39D0A34-7746-0EAD-2801-D1E6DD752789}.Release|Any CPU.Build.0 = Release|Any CPU
		{102AE3F7-7AE3-ADA7-1228-DE656B7175E4}.Debug|Any CPU.ActiveCfg = Debug|Any CPU
		{102AE3F7-7AE3-ADA7-1228-DE656B7175E4}.Debug|Any CPU.Build.0 = Debug|Any CPU
		{102AE3F7-7AE3-ADA7-1228-DE656B7175E4}.Release|Any CPU.ActiveCfg = Release|Any CPU
		{102AE3F7-7AE3-ADA7-1228-DE656B7175E4}.Release|Any CPU.Build.0 = Release|Any CPU
	EndGlobalSection
	GlobalSection(SolutionProperties) = preSolution
		HideSolutionNode = FALSE
	EndGlobalSection
EndGlobal
